// !$*UTF8*$!
{
	archiveVersion = 1;
	classes = {
	};
	objectVersion = 55;
	objects = {

/* Begin PBXBuildFile section */
		DF95B021272F976800AE8879 /* AppDelegate.swift in Sources */ = {isa = PBXBuildFile; fileRef = DF95B020272F976800AE8879 /* AppDelegate.swift */; };
		DF95B023272F976800AE8879 /* SceneDelegate.swift in Sources */ = {isa = PBXBuildFile; fileRef = DF95B022272F976800AE8879 /* SceneDelegate.swift */; };
		DF95B025272F976800AE8879 /* ViewController.swift in Sources */ = {isa = PBXBuildFile; fileRef = DF95B024272F976800AE8879 /* ViewController.swift */; };
		DF95B028272F976800AE8879 /* Main.storyboard in Resources */ = {isa = PBXBuildFile; fileRef = DF95B026272F976800AE8879 /* Main.storyboard */; };
		DF95B02A272F976800AE8879 /* Assets.xcassets in Resources */ = {isa = PBXBuildFile; fileRef = DF95B029272F976800AE8879 /* Assets.xcassets */; };
		DF95B02D272F976800AE8879 /* LaunchScreen.storyboard in Resources */ = {isa = PBXBuildFile; fileRef = DF95B02B272F976800AE8879 /* LaunchScreen.storyboard */; };
		DF95B035272F97E300AE8879 /* Questions.swift in Sources */ = {isa = PBXBuildFile; fileRef = DF95B034272F97E300AE8879 /* Questions.swift */; };
		DF95B037272F97F400AE8879 /* QuestionsBrain.swift in Sources */ = {isa = PBXBuildFile; fileRef = DF95B036272F97F400AE8879 /* QuestionsBrain.swift */; };
/* End PBXBuildFile section */

/* Begin PBXFileReference section */
		DF95B01D272F976800AE8879 /* Adventure(TRY).app */ = {isa = PBXFileReference; explicitFileType = wrapper.application; includeInIndex = 0; path = "Adventure(TRY).app"; sourceTree = BUILT_PRODUCTS_DIR; };
		DF95B020272F976800AE8879 /* AppDelegate.swift */ = {isa = PBXFileReference; lastKnownFileType = sourcecode.swift; path = AppDelegate.swift; sourceTree = "<group>"; };
		DF95B022272F976800AE8879 /* SceneDelegate.swift */ = {isa = PBXFileReference; lastKnownFileType = sourcecode.swift; path = SceneDelegate.swift; sourceTree = "<group>"; };
		DF95B024272F976800AE8879 /* ViewController.swift */ = {isa = PBXFileReference; lastKnownFileType = sourcecode.swift; path = ViewController.swift; sourceTree = "<group>"; };
		DF95B027272F976800AE8879 /* Base */ = {isa = PBXFileReference; lastKnownFileType = file.storyboard; name = Base; path = Base.lproj/Main.storyboard; sourceTree = "<group>"; };
		DF95B029272F976800AE8879 /* Assets.xcassets */ = {isa = PBXFileReference; lastKnownFileType = folder.assetcatalog; path = Assets.xcassets; sourceTree = "<group>"; };
		DF95B02C272F976800AE8879 /* Base */ = {isa = PBXFileReference; lastKnownFileType = file.storyboard; name = Base; path = Base.lproj/LaunchScreen.storyboard; sourceTree = "<group>"; };
		DF95B02E272F976800AE8879 /* Info.plist */ = {isa = PBXFileReference; lastKnownFileType = text.plist.xml; path = Info.plist; sourceTree = "<group>"; };
		DF95B034272F97E300AE8879 /* Questions.swift */ = {isa = PBXFileReference; lastKnownFileType = sourcecode.swift; path = Questions.swift; sourceTree = "<group>"; };
		DF95B036272F97F400AE8879 /* QuestionsBrain.swift */ = {isa = PBXFileReference; lastKnownFileType = sourcecode.swift; path = QuestionsBrain.swift; sourceTree = "<group>"; };
/* End PBXFileReference section */

/* Begin PBXFrameworksBuildPhase section */
		DF95B01A272F976800AE8879 /* Frameworks */ = {
			isa = PBXFrameworksBuildPhase;
			buildActionMask = 2147483647;
			files = (
			);
			runOnlyForDeploymentPostprocessing = 0;
		};
/* End PBXFrameworksBuildPhase section */

/* Begin PBXGroup section */
		DF95B014272F976700AE8879 = {
			isa = PBXGroup;
			children = (
				DF95B01F272F976800AE8879 /* Adventure(TRY) */,
				DF95B01E272F976800AE8879 /* Products */,
			);
			sourceTree = "<group>";
		};
		DF95B01E272F976800AE8879 /* Products */ = {
			isa = PBXGroup;
			children = (
				DF95B01D272F976800AE8879 /* Adventure(TRY).app */,
			);
			name = Products;
			sourceTree = "<group>";
		};
		DF95B01F272F976800AE8879 /* Adventure(TRY) */ = {
			isa = PBXGroup;
			children = (
				DF95B020272F976800AE8879 /* AppDelegate.swift */,
				DF95B022272F976800AE8879 /* SceneDelegate.swift */,
				DF95B039272F981C00AE8879 /* Model */,
				DF95B038272F980600AE8879 /* Controller */,
				DF95B03A272F983500AE8879 /* View */,
				DF95B029272F976800AE8879 /* Assets.xcassets */,
				DF95B02B272F976800AE8879 /* LaunchScreen.storyboard */,
				DF95B02E272F976800AE8879 /* Info.plist */,
			);
			path = "Adventure(TRY)";
			sourceTree = "<group>";
		};
		DF95B038272F980600AE8879 /* Controller */ = {
			isa = PBXGroup;
			children = (
				DF95B024272F976800AE8879 /* ViewController.swift */,
			);
			path = Controller;
			sourceTree = "<group>";
		};
		DF95B039272F981C00AE8879 /* Model */ = {
			isa = PBXGroup;
			children = (
				DF95B034272F97E300AE8879 /* Questions.swift */,
				DF95B036272F97F400AE8879 /* QuestionsBrain.swift */,
			);
			path = Model;
			sourceTree = "<group>";
		};
		DF95B03A272F983500AE8879 /* View */ = {
			isa = PBXGroup;
			children = (
				DF95B026272F976800AE8879 /* Main.storyboard */,
			);
			path = View;
			sourceTree = "<group>";
		};
/* End PBXGroup section */

/* Begin PBXNativeTarget section */
		DF95B01C272F976800AE8879 /* Adventure(TRY) */ = {
			isa = PBXNativeTarget;
			buildConfigurationList = DF95B031272F976800AE8879 /* Build configuration list for PBXNativeTarget "Adventure(TRY)" */;
			buildPhases = (
				DF95B019272F976800AE8879 /* Sources */,
				DF95B01A272F976800AE8879 /* Frameworks */,
				DF95B01B272F976800AE8879 /* Resources */,
			);
			buildRules = (
			);
			dependencies = (
			);
			name = "Adventure(TRY)";
			productName = "Adventure(TRY)";
			productReference = DF95B01D272F976800AE8879 /* Adventure(TRY).app */;
			productType = "com.apple.product-type.application";
		};
/* End PBXNativeTarget section */

/* Begin PBXProject section */
		DF95B015272F976700AE8879 /* Project object */ = {
			isa = PBXProject;
			attributes = {
				BuildIndependentTargetsInParallel = 1;
				LastSwiftUpdateCheck = 1310;
				LastUpgradeCheck = 1310;
				TargetAttributes = {
					DF95B01C272F976800AE8879 = {
						CreatedOnToolsVersion = 13.1;
					};
				};
			};
			buildConfigurationList = DF95B018272F976700AE8879 /* Build configuration list for PBXProject "Adventure(TRY)" */;
			compatibilityVersion = "Xcode 13.0";
			developmentRegion = en;
			hasScannedForEncodings = 0;
			knownRegions = (
				en,
				Base,
			);
			mainGroup = DF95B014272F976700AE8879;
			productRefGroup = DF95B01E272F976800AE8879 /* Products */;
			projectDirPath = "";
			projectRoot = "";
			targets = (
				DF95B01C272F976800AE8879 /* Adventure(TRY) */,
			);
		};
/* End PBXProject section */

/* Begin PBXResourcesBuildPhase section */
		DF95B01B272F976800AE8879 /* Resources */ = {
			isa = PBXResourcesBuildPhase;
			buildActionMask = 2147483647;
			files = (
				DF95B02D272F976800AE8879 /* LaunchScreen.storyboard in Resources */,
				DF95B02A272F976800AE8879 /* Assets.xcassets in Resources */,
				DF95B028272F976800AE8879 /* Main.storyboard in Resources */,
			);
			runOnlyForDeploymentPostprocessing = 0;
		};
/* End PBXResourcesBuildPhase section */

/* Begin PBXSourcesBuildPhase section */
		DF95B019272F976800AE8879 /* Sources */ = {
			isa = PBXSourcesBuildPhase;
			buildActionMask = 2147483647;
			files = (
				DF95B025272F976800AE8879 /* ViewController.swift in Sources */,
				DF95B037272F97F400AE8879 /* QuestionsBrain.swift in Sources */,
				DF95B035272F97E300AE8879 /* Questions.swift in Sources */,
				DF95B021272F976800AE8879 /* AppDelegate.swift in Sources */,
				DF95B023272F976800AE8879 /* SceneDelegate.swift in Sources */,
			);
			runOnlyForDeploymentPostprocessing = 0;
		};
/* End PBXSourcesBuildPhase section */

/* Begin PBXVariantGroup section */
		DF95B026272F976800AE8879 /* Main.storyboard */ = {
			isa = PBXVariantGroup;
			children = (
				DF95B027272F976800AE8879 /* Base */,
			);
			name = Main.storyboard;
			sourceTree = "<group>";
		};
		DF95B02B272F976800AE8879 /* LaunchScreen.storyboard */ = {
			isa = PBXVariantGroup;
			children = (
				DF95B02C272F976800AE8879 /* Base */,
			);
			name = LaunchScreen.storyboard;
			sourceTree = "<group>";
		};
/* End PBXVariantGroup section */

/* Begin XCBuildConfiguration section */
		DF95B02F272F976800AE8879 /* Debug */ = {
			isa = XCBuildConfiguration;
			buildSettings = {
				ALWAYS_SEARCH_USER_PATHS = NO;
				CLANG_ANALYZER_NONNULL = YES;
				CLANG_ANALYZER_NUMBER_OBJECT_CONVERSION = YES_AGGRESSIVE;
				CLANG_CXX_LANGUAGE_STANDARD = "gnu++17";
				CLANG_CXX_LIBRARY = "libc++";
				CLANG_ENABLE_MODULES = YES;
				CLANG_ENABLE_OBJC_ARC = YES;
				CLANG_ENABLE_OBJC_WEAK = YES;
				CLANG_WARN_BLOCK_CAPTURE_AUTORELEASING = YES;
				CLANG_WARN_BOOL_CONVERSION = YES;
				CLANG_WARN_COMMA = YES;
				CLANG_WARN_CONSTANT_CONVERSION = YES;
				CLANG_WARN_DEPRECATED_OBJC_IMPLEMENTATIONS = YES;
				CLANG_WARN_DIRECT_OBJC_ISA_USAGE = YES_ERROR;
				CLANG_WARN_DOCUMENTATION_COMMENTS = YES;
				CLANG_WARN_EMPTY_BODY = YES;
				CLANG_WARN_ENUM_CONVERSION = YES;
				CLANG_WARN_INFINITE_RECURSION = YES;
				CLANG_WARN_INT_CONVERSION = YES;
				CLANG_WARN_NON_LITERAL_NULL_CONVERSION = YES;
				CLANG_WARN_OBJC_IMPLICIT_RETAIN_SELF = YES;
				CLANG_WARN_OBJC_LITERAL_CONVERSION = YES;
				CLANG_WARN_OBJC_ROOT_CLASS = YES_ERROR;
				CLANG_WARN_QUOTED_INCLUDE_IN_FRAMEWORK_HEADER = YES;
				CLANG_WARN_RANGE_LOOP_ANALYSIS = YES;
				CLANG_WARN_STRICT_PROTOTYPES = YES;
				CLANG_WARN_SUSPICIOUS_MOVE = YES;
				CLANG_WARN_UNGUARDED_AVAILABILITY = YES_AGGRESSIVE;
				CLANG_WARN_UNREACHABLE_CODE = YES;
				CLANG_WARN__DUPLICATE_METHOD_MATCH = YES;
				COPY_PHASE_STRIP = NO;
				DEBUG_INFORMATION_FORMAT = dwarf;
				ENABLE_STRICT_OBJC_MSGSEND = YES;
				ENABLE_TESTABILITY = YES;
				GCC_C_LANGUAGE_STANDARD = gnu11;
				GCC_DYNAMIC_NO_PIC = NO;
				GCC_NO_COMMON_BLOCKS = YES;
				GCC_OPTIMIZATION_LEVEL = 0;
				GCC_PREPROCESSOR_DEFINITIONS = (
					"DEBUG=1",
					"$(inherited)",
				);
				GCC_WARN_64_TO_32_BIT_CONVERSION = YES;
				GCC_WARN_ABOUT_RETURN_TYPE = YES_ERROR;
				GCC_WARN_UNDECLARED_SELECTOR = YES;
				GCC_WARN_UNINITIALIZED_AUTOS = YES_AGGRESSIVE;
				GCC_WARN_UNUSED_FUNCTION = YES;
				GCC_WARN_UNUSED_VARIABLE = YES;
				IPHONEOS_DEPLOYMENT_TARGET = 15.0;
				MTL_ENABLE_DEBUG_INFO = INCLUDE_SOURCE;
				MTL_FAST_MATH = YES;
				ONLY_ACTIVE_ARCH = YES;
				SDKROOT = iphoneos;
				SWIFT_ACTIVE_COMPILATION_CONDITIONS = DEBUG;
				SWIFT_OPTIMIZATION_LEVEL = "-Onone";
			};
			name = Debug;
		};
		DF95B030272F976800AE8879 /* Release */ = {
			isa = XCBuildConfiguration;
			buildSettings = {
				ALWAYS_SEARCH_USER_PATHS = NO;
				CLANG_ANALYZER_NONNULL = YES;
				CLANG_ANALYZER_NUMBER_OBJECT_CONVERSION = YES_AGGRESSIVE;
				CLANG_CXX_LANGUAGE_STANDARD = "gnu++17";
				CLANG_CXX_LIBRARY = "libc++";
				CLANG_ENABLE_MODULES = YES;
				CLANG_ENABLE_OBJC_ARC = YES;
				CLANG_ENABLE_OBJC_WEAK = YES;
				CLANG_WARN_BLOCK_CAPTURE_AUTORELEASING = YES;
				CLANG_WARN_BOOL_CONVERSION = YES;
				CLANG_WARN_COMMA = YES;
				CLANG_WARN_CONSTANT_CONVERSION = YES;
				CLANG_WARN_DEPRECATED_OBJC_IMPLEMENTATIONS = YES;
				CLANG_WARN_DIRECT_OBJC_ISA_USAGE = YES_ERROR;
				CLANG_WARN_DOCUMENTATION_COMMENTS = YES;
				CLANG_WARN_EMPTY_BODY = YES;
				CLANG_WARN_ENUM_CONVERSION = YES;
				CLANG_WARN_INFINITE_RECURSION = YES;
				CLANG_WARN_INT_CONVERSION = YES;
				CLANG_WARN_NON_LITERAL_NULL_CONVERSION = YES;
				CLANG_WARN_OBJC_IMPLICIT_RETAIN_SELF = YES;
				CLANG_WARN_OBJC_LITERAL_CONVERSION = YES;
				CLANG_WARN_OBJC_ROOT_CLASS = YES_ERROR;
				CLANG_WARN_QUOTED_INCLUDE_IN_FRAMEWORK_HEADER = YES;
				CLANG_WARN_RANGE_LOOP_ANALYSIS = YES;
				CLANG_WARN_STRICT_PROTOTYPES = YES;
				CLANG_WARN_SUSPICIOUS_MOVE = YES;
				CLANG_WARN_UNGUARDED_AVAILABILITY = YES_AGGRESSIVE;
				CLANG_WARN_UNREACHABLE_CODE = YES;
				CLANG_WARN__DUPLICATE_METHOD_MATCH = YES;
				COPY_PHASE_STRIP = NO;
				DEBUG_INFORMATION_FORMAT = "dwarf-with-dsym";
				ENABLE_NS_ASSERTIONS = NO;
				ENABLE_STRICT_OBJC_MSGSEND = YES;
				GCC_C_LANGUAGE_STANDARD = gnu11;
				GCC_NO_COMMON_BLOCKS = YES;
				GCC_WARN_64_TO_32_BIT_CONVERSION = YES;
				GCC_WARN_ABOUT_RETURN_TYPE = YES_ERROR;
				GCC_WARN_UNDECLARED_SELECTOR = YES;
				GCC_WARN_UNINITIALIZED_AUTOS = YES_AGGRESSIVE;
				GCC_WARN_UNUSED_FUNCTION = YES;
				GCC_WARN_UNUSED_VARIABLE = YES;
				IPHONEOS_DEPLOYMENT_TARGET = 15.0;
				MTL_ENABLE_DEBUG_INFO = NO;
				MTL_FAST_MATH = YES;
				SDKROOT = iphoneos;
				SWIFT_COMPILATION_MODE = wholemodule;
				SWIFT_OPTIMIZATION_LEVEL = "-O";
				VALIDATE_PRODUCT = YES;
			};
			name = Release;
		};
		DF95B032272F976800AE8879 /* Debug */ = {
			isa = XCBuildConfiguration;
			buildSettings = {
				ASSETCATALOG_COMPILER_APPICON_NAME = AppIcon;
				ASSETCATALOG_COMPILER_GLOBAL_ACCENT_COLOR_NAME = AccentColor;
				CODE_SIGN_STYLE = Automatic;
				CURRENT_PROJECT_VERSION = 1;
				GENERATE_INFOPLIST_FILE = YES;
				INFOPLIST_FILE = "Adventure(TRY)/Info.plist";
				INFOPLIST_KEY_UIApplicationSupportsIndirectInputEvents = YES;
				INFOPLIST_KEY_UILaunchStoryboardName = LaunchScreen;
				INFOPLIST_KEY_UIMainStoryboardFile = Main;
				INFOPLIST_KEY_UISupportedInterfaceOrientations_iPad = "UIInterfaceOrientationPortrait UIInterfaceOrientationPortraitUpsideDown UIInterfaceOrientationLandscapeLeft UIInterfaceOrientationLandscapeRight";
				INFOPLIST_KEY_UISupportedInterfaceOrientations_iPhone = "UIInterfaceOrientationPortrait UIInterfaceOrientationLandscapeLeft UIInterfaceOrientationLandscapeRight";
				LD_RUNPATH_SEARCH_PATHS = (
					"$(inherited)",
					"@executable_path/Frameworks",
				);
				MARKETING_VERSION = 1.0;
				PRODUCT_BUNDLE_IDENTIFIER = "com.AhmadHasan.Adventure-TRY-";
				PRODUCT_NAME = "$(TARGET_NAME)";
				SWIFT_EMIT_LOC_STRINGS = YES;
				SWIFT_VERSION = 5.0;
				TARGETED_DEVICE_FAMILY = "1,2";
			};
			name = Debug;
		};
		DF95B033272F976800AE8879 /* Release */ = {
			isa = XCBuildConfiguration;
			buildSettings = {
				ASSETCATALOG_COMPILER_APPICON_NAME = AppIcon;
				ASSETCATALOG_COMPILER_GLOBAL_ACCENT_COLOR_NAME = AccentColor;
				CODE_SIGN_STYLE = Automatic;
				CURRENT_PROJECT_VERSION = 1;
				GENERATE_INFOPLIST_FILE = YES;
				INFOPLIST_FILE = "Adventure(TRY)/Info.plist";
				INFOPLIST_KEY_UIApplicationSupportsIndirectInputEvents = YES;
				INFOPLIST_KEY_UILaunchStoryboardName = LaunchScreen;
				INFOPLIST_KEY_UIMainStoryboardFile = Main;
				INFOPLIST_KEY_UISupportedInterfaceOrientations_iPad = "UIInterfaceOrientationPortrait UIInterfaceOrientationPortraitUpsideDown UIInterfaceOrientationLandscapeLeft UIInterfaceOrientationLandscapeRight";
				INFOPLIST_KEY_UISupportedInterfaceOrientations_iPhone = "UIInterfaceOrientationPortrait UIInterfaceOrientationLandscapeLeft UIInterfaceOrientationLandscapeRight";
				LD_RUNPATH_SEARCH_PATHS = (
					"$(inherited)",
					"@executable_path/Frameworks",
				);
				MARKETING_VERSION = 1.0;
				PRODUCT_BUNDLE_IDENTIFIER = "com.AhmadHasan.Adventure-TRY-";
				PRODUCT_NAME = "$(TARGET_NAME)";
				SWIFT_EMIT_LOC_STRINGS = YES;
				SWIFT_VERSION = 5.0;
				TARGETED_DEVICE_FAMILY = "1,2";
			};
			name = Release;
		};
/* End XCBuildConfiguration section */

/* Begin XCConfigurationList section */
		DF95B018272F976700AE8879 /* Build configuration list for PBXProject "Adventure(TRY)" */ = {
			isa = XCConfigurationList;
			buildConfigurations = (
				DF95B02F272F976800AE8879 /* Debug */,
				DF95B030272F976800AE8879 /* Release */,
			);
			defaultConfigurationIsVisible = 0;
			defaultConfigurationName = Release;
		};
		DF95B031272F976800AE8879 /* Build configuration list for PBXNativeTarget "Adventure(TRY)" */ = {
			isa = XCConfigurationList;
			buildConfigurations = (
				DF95B032272F976800AE8879 /* Debug */,
				DF95B033272F976800AE8879 /* Release */,
			);
			defaultConfigurationIsVisible = 0;
			defaultConfigurationName = Release;
		};
/* End XCConfigurationList section */
	};
	rootObject = DF95B015272F976700AE8879 /* Project object */;
}
